PODS:
  - DAAttributedLabel (1.2.3)

DEPENDENCIES:
  - DAAttributedLabel (from `../`)

EXTERNAL SOURCES:
  DAAttributedLabel:
    :path: "../"

SPEC CHECKSUMS:
  DAAttributedLabel: baab0a2b8a8443129efe3d4a578cd5b46d466182

PODFILE CHECKSUM: a3b54e5b174fcb4ea1a8a43e0d935c7dc39af626

COCOAPODS: 1.10.1
